<Solution>
  <Folder Name="/src/">
    <Project Path="src/DisputePortal.Api/DisputePortal.Api.csproj" />
    <Project Path="src/DisputePortal.Domain/DisputePortal.Domain.csproj" />
    <Project Path="src/DisputePortal.Infrastructure/DisputePortal.Infrastructure.csproj" />
  </Folder>
  <Folder Name="/tests/">
    <Project Path="tests/DisputePortal.IntegrationTests/DisputePortal.IntegrationTests.csproj" />
    <Project Path="tests/DisputePortal.UnitTests/DisputePortal.UnitTests.csproj" />
  </Folder>
</Solution>
